
Microsoft Visual Studio Solution File, Format Version 12.00
# Visual Studio 15
VisualStudioVersion = 15.0.28307.902
MinimumVisualStudioVersion = 10.0.40219.1
Project("{FAE04EC0-301F-11D3-BF4B-00C04F79EFBC}") = "ConsoleApp1", "ConsoleApp1\ConsoleApp1.csproj", "{5F94E6F8-D36D-4011-837C-1ED98185C4E3}"
EndProject
Project("{FAE04EC0-301F-11D3-BF4B-00C04F79EFBC}") = "ConsoleApp2", "ConsoleApp2\ConsoleApp2.csproj", "{A0B07B13-96D9-46FE-9725-9A880AE581B4}"
EndProject
Global
	GlobalSection(SolutionConfigurationPlatforms) = preSolution
		Debug|Any CPU = Debug|Any CPU
		Release|Any CPU = Release|Any CPU
	EndGlobalSection
	GlobalSection(ProjectConfigurationPlatforms) = postSolution
		{5F94E6F8-D36D-4011-837C-1ED98185C4E3}.Debug|Any CPU.ActiveCfg = Debug|Any CPU
		{5F94E6F8-D36D-4011-837C-1ED98185C4E3}.Debug|Any CPU.Build.0 = Debug|Any CPU
		{5F94E6F8-D36D-4011-837C-1ED98185C4E3}.Release|Any CPU.ActiveCfg = Release|Any CPU
		{5F94E6F8-D36D-4011-837C-1ED98185C4E3}.Release|Any CPU.Build.0 = Release|Any CPU
		{A0B07B13-96D9-46FE-9725-9A880AE581B4}.Debug|Any CPU.ActiveCfg = Debug|Any CPU
		{A0B07B13-96D9-46FE-9725-9A880AE581B4}.Debug|Any CPU.Build.0 = Debug|Any CPU
		{A0B07B13-96D9-46FE-9725-9A880AE581B4}.Release|Any CPU.ActiveCfg = Release|Any CPU
		{A0B07B13-96D9-46FE-9725-9A880AE581B4}.Release|Any CPU.Build.0 = Release|Any CPU
	EndGlobalSection
	GlobalSection(SolutionProperties) = preSolution
		HideSolutionNode = FALSE
	EndGlobalSection
	GlobalSection(ExtensibilityGlobals) = postSolution
		SolutionGuid = {3039819D-5B3A-458A-B181-75FEBD858F25}
	EndGlobalSection
EndGlobal
